
Microsoft Visual Studio Solution File, Format Version 12.00
# Visual Studio 15
VisualStudioVersion = 15.0.28307.271
MinimumVisualStudioVersion = 10.0.40219.1
Project("{9A19103F-16F7-4668-BE54-9A1E7A4F7556}") = "AtsTask", "AtsTask\AtsTask.csproj", "{A403E14A-5416-4002-BD2F-646B69068446}"
EndProject
Project("{9A19103F-16F7-4668-BE54-9A1E7A4F7556}") = "Db.Context", "Db.Context\Db.Context.csproj", "{23AFEBEE-DEF9-4822-B703-EA08A8543103}"
EndProject
Project("{9A19103F-16F7-4668-BE54-9A1E7A4F7556}") = "DAL", "DAL\DAL.csproj", "{F1220C1C-9B45-4B99-B208-B9CBE0A48237}"
EndProject
Project("{9A19103F-16F7-4668-BE54-9A1E7A4F7556}") = "ViewModels", "ViewModels\ViewModels.csproj", "{661305BE-A490-4F25-BE11-833705593545}"
EndProject
Global
	GlobalSection(SolutionConfigurationPlatforms) = preSolution
		Debug|Any CPU = Debug|Any CPU
		Release|Any CPU = Release|Any CPU
	EndGlobalSection
	GlobalSection(ProjectConfigurationPlatforms) = postSolution
		{A403E14A-5416-4002-BD2F-646B69068446}.Debug|Any CPU.ActiveCfg = Debug|Any CPU
		{A403E14A-5416-4002-BD2F-646B69068446}.Debug|Any CPU.Build.0 = Debug|Any CPU
		{A403E14A-5416-4002-BD2F-646B69068446}.Release|Any CPU.ActiveCfg = Release|Any CPU
		{A403E14A-5416-4002-BD2F-646B69068446}.Release|Any CPU.Build.0 = Release|Any CPU
		{23AFEBEE-DEF9-4822-B703-EA08A8543103}.Debug|Any CPU.ActiveCfg = Debug|Any CPU
		{23AFEBEE-DEF9-4822-B703-EA08A8543103}.Debug|Any CPU.Build.0 = Debug|Any CPU
		{23AFEBEE-DEF9-4822-B703-EA08A8543103}.Release|Any CPU.ActiveCfg = Release|Any CPU
		{23AFEBEE-DEF9-4822-B703-EA08A8543103}.Release|Any CPU.Build.0 = Release|Any CPU
		{F1220C1C-9B45-4B99-B208-B9CBE0A48237}.Debug|Any CPU.ActiveCfg = Debug|Any CPU
		{F1220C1C-9B45-4B99-B208-B9CBE0A48237}.Debug|Any CPU.Build.0 = Debug|Any CPU
		{F1220C1C-9B45-4B99-B208-B9CBE0A48237}.Release|Any CPU.ActiveCfg = Release|Any CPU
		{F1220C1C-9B45-4B99-B208-B9CBE0A48237}.Release|Any CPU.Build.0 = Release|Any CPU
		{661305BE-A490-4F25-BE11-833705593545}.Debug|Any CPU.ActiveCfg = Debug|Any CPU
		{661305BE-A490-4F25-BE11-833705593545}.Debug|Any CPU.Build.0 = Debug|Any CPU
		{661305BE-A490-4F25-BE11-833705593545}.Release|Any CPU.ActiveCfg = Release|Any CPU
		{661305BE-A490-4F25-BE11-833705593545}.Release|Any CPU.Build.0 = Release|Any CPU
	EndGlobalSection
	GlobalSection(SolutionProperties) = preSolution
		HideSolutionNode = FALSE
	EndGlobalSection
	GlobalSection(ExtensibilityGlobals) = postSolution
		SolutionGuid = {D392DC86-EC98-4CB4-9B02-CCCF116D3063}
	EndGlobalSection
EndGlobal
